
Microsoft Visual Studio Solution File, Format Version 12.00
# Visual Studio 15
VisualStudioVersion = 15.0.28307.168
MinimumVisualStudioVersion = 10.0.40219.1
Project("{9A19103F-16F7-4668-BE54-9A1E7A4F7556}") = "Market", "Market\Market.csproj", "{92CFF52C-0BC7-43D9-8B03-B12B42B012F6}"
EndProject
Project("{FAE04EC0-301F-11D3-BF4B-00C04F79EFBC}") = "Market.Service", "Market.Service\Market.Service.csproj", "{A95F88E6-383D-4CE3-9E2B-96CD2864C635}"
EndProject
Project("{FAE04EC0-301F-11D3-BF4B-00C04F79EFBC}") = "Market.TradeBots.Rob", "Market.TradeBots.Rob\Market.TradeBots.Rob.csproj", "{BBAA1986-C2CD-4E4A-8456-765485CC3AFC}"
EndProject
Project("{FAE04EC0-301F-11D3-BF4B-00C04F79EFBC}") = "Market.TradeBots.Anonymous", "Market.TradeBots.Anonymous\Market.TradeBots.Anonymous.csproj", "{742CBF2C-4BC7-46F7-9D70-D53314FD1E1B}"
EndProject
Global
	GlobalSection(SolutionConfigurationPlatforms) = preSolution
		Debug|Any CPU = Debug|Any CPU
		Release|Any CPU = Release|Any CPU
	EndGlobalSection
	GlobalSection(ProjectConfigurationPlatforms) = postSolution
		{92CFF52C-0BC7-43D9-8B03-B12B42B012F6}.Debug|Any CPU.ActiveCfg = Debug|Any CPU
		{92CFF52C-0BC7-43D9-8B03-B12B42B012F6}.Debug|Any CPU.Build.0 = Debug|Any CPU
		{92CFF52C-0BC7-43D9-8B03-B12B42B012F6}.Release|Any CPU.ActiveCfg = Release|Any CPU
		{92CFF52C-0BC7-43D9-8B03-B12B42B012F6}.Release|Any CPU.Build.0 = Release|Any CPU
		{A95F88E6-383D-4CE3-9E2B-96CD2864C635}.Debug|Any CPU.ActiveCfg = Debug|Any CPU
		{A95F88E6-383D-4CE3-9E2B-96CD2864C635}.Debug|Any CPU.Build.0 = Debug|Any CPU
		{A95F88E6-383D-4CE3-9E2B-96CD2864C635}.Release|Any CPU.ActiveCfg = Release|Any CPU
		{A95F88E6-383D-4CE3-9E2B-96CD2864C635}.Release|Any CPU.Build.0 = Release|Any CPU
		{BBAA1986-C2CD-4E4A-8456-765485CC3AFC}.Debug|Any CPU.ActiveCfg = Debug|Any CPU
		{BBAA1986-C2CD-4E4A-8456-765485CC3AFC}.Debug|Any CPU.Build.0 = Debug|Any CPU
		{BBAA1986-C2CD-4E4A-8456-765485CC3AFC}.Release|Any CPU.ActiveCfg = Release|Any CPU
		{BBAA1986-C2CD-4E4A-8456-765485CC3AFC}.Release|Any CPU.Build.0 = Release|Any CPU
		{742CBF2C-4BC7-46F7-9D70-D53314FD1E1B}.Debug|Any CPU.ActiveCfg = Debug|Any CPU
		{742CBF2C-4BC7-46F7-9D70-D53314FD1E1B}.Debug|Any CPU.Build.0 = Debug|Any CPU
		{742CBF2C-4BC7-46F7-9D70-D53314FD1E1B}.Release|Any CPU.ActiveCfg = Release|Any CPU
		{742CBF2C-4BC7-46F7-9D70-D53314FD1E1B}.Release|Any CPU.Build.0 = Release|Any CPU
	EndGlobalSection
	GlobalSection(SolutionProperties) = preSolution
		HideSolutionNode = FALSE
	EndGlobalSection
	GlobalSection(ExtensibilityGlobals) = postSolution
		SolutionGuid = {34F46FC0-5FAF-47DF-80A6-1E560CE3C965}
	EndGlobalSection
EndGlobal
